{
  "name": "FYP-02-sample",
  "lockfileVersion": 3,
  "requires": true,
  "packages": {
    "": {
      "dependencies": {
        "@lottiefiles/dotlottie-web": "^0.37.0"
      }
    },
    "node_modules/@lottiefiles/dotlottie-web": {
      "version": "0.37.0",
      "resolved": "https://registry.npmjs.org/@lottiefiles/dotlottie-web/-/dotlottie-web-0.37.0.tgz",
      "integrity": "sha512-dCtQkYlq9GDswJNmcIlUaAskxrsJ56SRhY8woNsHuIPWy+tfP9tgf1fA9fZ1Oj72DVdyYkK0DxLk58HhBrmpBQ=="
    }
  }
}
